dependencies:
  espressif/mdns:
    component_hash: 29e47564b1a7ee778135e17fbbf2a2773f71c97ebabfe626c8eda7c958a7ad16
    dependencies:
    - name: idf
      require: private
      version: '>=5.0'
    source:
      registry_url: https://components.espressif.com/
      type: service
    version: 1.9.1
  espressif/usb_host_cdc_acm:
    component_hash: 5bc1372b46de79ccae1dd17de48e30dfa1e8ab75269c2ebf54da01370f9e42fb
    dependencies:
    - name: idf
      require: private
      version: '>=5.0'
    - name: espressif/usb
      registry_url: https://components.espressif.com
      require: public
      rules:
      - if: idf_version >=6.0
      - if: target not in ["linux"]
      version: ^1.0.0
    source:
      registry_url: https://components.espressif.com/
      type: service
    targets:
    - esp32s2
    - esp32s3
    - esp32p4
    - esp32h4
    - esp32s31
    - linux
    version: 2.4.1
  espressif/usb_host_msc:
    component_hash: 865a651c08d0bf2ce255a369778375e493df588dfb0720c3d97e12bfdcc4c0f9
    dependencies:
    - name: idf
      require: private
      version: '>=4.4.1'
    - name: espressif/usb
      registry_url: https://components.espressif.com
      require: public
      rules:
      - if: idf_version >=6.0
      - if: target not in ["linux"]
      version: ^1.0.0
    source:
      registry_url: https://components.espressif.com/
      type: service
    targets:
    - esp32s2
    - esp32s3
    - esp32p4
    - esp32h4
    version: 1.1.4
  idf:
    source:
      type: idf
    version: 5.5.5
direct_dependencies:
- espressif/mdns
- espressif/usb_host_cdc_acm
- espressif/usb_host_msc
- idf
manifest_hash: 70a46e85ff508f2bd4ec644df2af221de1ac8f4ecc022cfe390d76bfdd5dbf5c
target: esp32p4
version: 2.0.0
